
Microsoft Visual Studio Solution File, Format Version 12.00
# Visual Studio Version 17
VisualStudioVersion = 17.0.31903.59
MinimumVisualStudioVersion = 10.0.40219.1
Project("{2150E333-8FDC-42A3-9474-1A3956D46DE8}") = "src", "src", "{827E0CD3-B72D-47B6-A68D-7590B98EB39B}"
EndProject
Project("{FAE04EC0-301F-11D3-BF4B-00C04F79EFBC}") = "CLS.Budget.Api", "src\CLS.Budget.Api\CLS.Budget.Api.csproj", "{82ADA168-4B02-4D65-96AF-D6C91A8F115B}"
EndProject
Project("{FAE04EC0-301F-11D3-BF4B-00C04F79EFBC}") = "CLS.Budget.Application", "src\CLS.Budget.Application\CLS.Budget.Application.csproj", "{600821AB-FED9-480D-A024-D9CBECA2E59B}"
EndProject
Project("{FAE04EC0-301F-11D3-BF4B-00C04F79EFBC}") = "CLS.Budget.Domain", "src\CLS.Budget.Domain\CLS.Budget.Domain.csproj", "{AE649BBA-1B75-4270-ABA1-51F45F5CDBE7}"
EndProject
Project("{FAE04EC0-301F-11D3-BF4B-00C04F79EFBC}") = "CLS.Budget.Infrastructure", "src\CLS.Budget.Infrastructure\CLS.Budget.Infrastructure.csproj", "{31F395A1-8497-4943-AAEF-6B33C4BF562F}"
EndProject
Project("{2150E333-8FDC-42A3-9474-1A3956D46DE8}") = "tests", "tests", "{0AB3BF05-4346-4AA6-1389-037BE0695223}"
EndProject
Project("{FAE04EC0-301F-11D3-BF4B-00C04F79EFBC}") = "CLS.Budget.UnitTests", "tests\CLS.Budget.UnitTests\CLS.Budget.UnitTests.csproj", "{7B65010B-1145-43B9-8271-262E2A757BEF}"
EndProject
Project("{FAE04EC0-301F-11D3-BF4B-00C04F79EFBC}") = "CLS.Budget.Migration", "src\CLS.Budget.Migration\CLS.Budget.Migration.csproj", "{744C6023-0CC7-40A7-A6ED-D84939882374}"
EndProject
Project("{FAE04EC0-301F-11D3-BF4B-00C04F79EFBC}") = "CLS.Budget.Import", "src\CLS.Budget.Import\CLS.Budget.Import.csproj", "{A7DD5D74-0BB9-438C-8932-2E965AA5EDB5}"
EndProject
Global
	GlobalSection(SolutionConfigurationPlatforms) = preSolution
		Debug|Any CPU = Debug|Any CPU
		Debug|x64 = Debug|x64
		Debug|x86 = Debug|x86
		Release|Any CPU = Release|Any CPU
		Release|x64 = Release|x64
		Release|x86 = Release|x86
	EndGlobalSection
	GlobalSection(ProjectConfigurationPlatforms) = postSolution
		{82ADA168-4B02-4D65-96AF-D6C91A8F115B}.Debug|Any CPU.ActiveCfg = Debug|Any CPU
		{82ADA168-4B02-4D65-96AF-D6C91A8F115B}.Debug|Any CPU.Build.0 = Debug|Any CPU
		{82ADA168-4B02-4D65-96AF-D6C91A8F115B}.Debug|x64.ActiveCfg = Debug|Any CPU
		{82ADA168-4B02-4D65-96AF-D6C91A8F115B}.Debug|x64.Build.0 = Debug|Any CPU
		{82ADA168-4B02-4D65-96AF-D6C91A8F115B}.Debug|x86.ActiveCfg = Debug|Any CPU
		{82ADA168-4B02-4D65-96AF-D6C91A8F115B}.Debug|x86.Build.0 = Debug|Any CPU
		{82ADA168-4B02-4D65-96AF-D6C91A8F115B}.Release|Any CPU.ActiveCfg = Release|Any CPU
		{82ADA168-4B02-4D65-96AF-D6C91A8F115B}.Release|Any CPU.Build.0 = Release|Any CPU
		{82ADA168-4B02-4D65-96AF-D6C91A8F115B}.Release|x64.ActiveCfg = Release|Any CPU
		{82ADA168-4B02-4D65-96AF-D6C91A8F115B}.Release|x64.Build.0 = Release|Any CPU
		{82ADA168-4B02-4D65-96AF-D6C91A8F115B}.Release|x86.ActiveCfg = Release|Any CPU
		{82ADA168-4B02-4D65-96AF-D6C91A8F115B}.Release|x86.Build.0 = Release|Any CPU
		{600821AB-FED9-480D-A024-D9CBECA2E59B}.Debug|Any CPU.ActiveCfg = Debug|Any CPU
		{600821AB-FED9-480D-A024-D9CBECA2E59B}.Debug|Any CPU.Build.0 = Debug|Any CPU
		{600821AB-FED9-480D-A024-D9CBECA2E59B}.Debug|x64.ActiveCfg = Debug|Any CPU
		{600821AB-FED9-480D-A024-D9CBECA2E59B}.Debug|x64.Build.0 = Debug|Any CPU
		{600821AB-FED9-480D-A024-D9CBECA2E59B}.Debug|x86.ActiveCfg = Debug|Any CPU
		{600821AB-FED9-480D-A024-D9CBECA2E59B}.Debug|x86.Build.0 = Debug|Any CPU
		{600821AB-FED9-480D-A024-D9CBECA2E59B}.Release|Any CPU.ActiveCfg = Release|Any CPU
		{600821AB-FED9-480D-A024-D9CBECA2E59B}.Release|Any CPU.Build.0 = Release|Any CPU
		{600821AB-FED9-480D-A024-D9CBECA2E59B}.Release|x64.ActiveCfg = Release|Any CPU
		{600821AB-FED9-480D-A024-D9CBECA2E59B}.Release|x64.Build.0 = Release|Any CPU
		{600821AB-FED9-480D-A024-D9CBECA2E59B}.Release|x86.ActiveCfg = Release|Any CPU
		{600821AB-FED9-480D-A024-D9CBECA2E59B}.Release|x86.Build.0 = Release|Any CPU
		{AE649BBA-1B75-4270-ABA1-51F45F5CDBE7}.Debug|Any CPU.ActiveCfg = Debug|Any CPU
		{AE649BBA-1B75-4270-ABA1-51F45F5CDBE7}.Debug|Any CPU.Build.0 = Debug|Any CPU
		{AE649BBA-1B75-4270-ABA1-51F45F5CDBE7}.Debug|x64.ActiveCfg = Debug|Any CPU
		{AE649BBA-1B75-4270-ABA1-51F45F5CDBE7}.Debug|x64.Build.0 = Debug|Any CPU
		{AE649BBA-1B75-4270-ABA1-51F45F5CDBE7}.Debug|x86.ActiveCfg = Debug|Any CPU
		{AE649BBA-1B75-4270-ABA1-51F45F5CDBE7}.Debug|x86.Build.0 = Debug|Any CPU
		{AE649BBA-1B75-4270-ABA1-51F45F5CDBE7}.Release|Any CPU.ActiveCfg = Release|Any CPU
		{AE649BBA-1B75-4270-ABA1-51F45F5CDBE7}.Release|Any CPU.Build.0 = Release|Any CPU
		{AE649BBA-1B75-4270-ABA1-51F45F5CDBE7}.Release|x64.ActiveCfg = Release|Any CPU
		{AE649BBA-1B75-4270-ABA1-51F45F5CDBE7}.Release|x64.Build.0 = Release|Any CPU
		{AE649BBA-1B75-4270-ABA1-51F45F5CDBE7}.Release|x86.ActiveCfg = Release|Any CPU
		{AE649BBA-1B75-4270-ABA1-51F45F5CDBE7}.Release|x86.Build.0 = Release|Any CPU
		{31F395A1-8497-4943-AAEF-6B33C4BF562F}.Debug|Any CPU.ActiveCfg = Debug|Any CPU
		{31F395A1-8497-4943-AAEF-6B33C4BF562F}.Debug|Any CPU.Build.0 = Debug|Any CPU
		{31F395A1-8497-4943-AAEF-6B33C4BF562F}.Debug|x64.ActiveCfg = Debug|Any CPU
		{31F395A1-8497-4943-AAEF-6B33C4BF562F}.Debug|x64.Build.0 = Debug|Any CPU
		{31F395A1-8497-4943-AAEF-6B33C4BF562F}.Debug|x86.ActiveCfg = Debug|Any CPU
		{31F395A1-8497-4943-AAEF-6B33C4BF562F}.Debug|x86.Build.0 = Debug|Any CPU
		{31F395A1-8497-4943-AAEF-6B33C4BF562F}.Release|Any CPU.ActiveCfg = Release|Any CPU
		{31F395A1-8497-4943-AAEF-6B33C4BF562F}.Release|Any CPU.Build.0 = Release|Any CPU
		{31F395A1-8497-4943-AAEF-6B33C4BF562F}.Release|x64.ActiveCfg = Release|Any CPU
		{31F395A1-8497-4943-AAEF-6B33C4BF562F}.Release|x64.Build.0 = Release|Any CPU
		{31F395A1-8497-4943-AAEF-6B33C4BF562F}.Release|x86.ActiveCfg = Release|Any CPU
		{31F395A1-8497-4943-AAEF-6B33C4BF562F}.Release|x86.Build.0 = Release|Any CPU
		{7B65010B-1145-43B9-8271-262E2A757BEF}.Debug|Any CPU.ActiveCfg = Debug|Any CPU
		{7B65010B-1145-43B9-8271-262E2A757BEF}.Debug|Any CPU.Build.0 = Debug|Any CPU
		{7B65010B-1145-43B9-8271-262E2A757BEF}.Debug|x64.ActiveCfg = Debug|Any CPU
		{7B65010B-1145-43B9-8271-262E2A757BEF}.Debug|x64.Build.0 = Debug|Any CPU
		{7B65010B-1145-43B9-8271-262E2A757BEF}.Debug|x86.ActiveCfg = Debug|Any CPU
		{7B65010B-1145-43B9-8271-262E2A757BEF}.Debug|x86.Build.0 = Debug|Any CPU
		{7B65010B-1145-43B9-8271-262E2A757BEF}.Release|Any CPU.ActiveCfg = Release|Any CPU
		{7B65010B-1145-43B9-8271-262E2A757BEF}.Release|Any CPU.Build.0 = Release|Any CPU
		{7B65010B-1145-43B9-8271-262E2A757BEF}.Release|x64.ActiveCfg = Release|Any CPU
		{7B65010B-1145-43B9-8271-262E2A757BEF}.Release|x64.Build.0 = Release|Any CPU
		{7B65010B-1145-43B9-8271-262E2A757BEF}.Release|x86.ActiveCfg = Release|Any CPU
		{7B65010B-1145-43B9-8271-262E2A757BEF}.Release|x86.Build.0 = Release|Any CPU
		{744C6023-0CC7-40A7-A6ED-D84939882374}.Debug|Any CPU.ActiveCfg = Debug|Any CPU
		{744C6023-0CC7-40A7-A6ED-D84939882374}.Debug|Any CPU.Build.0 = Debug|Any CPU
		{744C6023-0CC7-40A7-A6ED-D84939882374}.Debug|x64.ActiveCfg = Debug|Any CPU
		{744C6023-0CC7-40A7-A6ED-D84939882374}.Debug|x64.Build.0 = Debug|Any CPU
		{744C6023-0CC7-40A7-A6ED-D84939882374}.Debug|x86.ActiveCfg = Debug|Any CPU
		{744C6023-0CC7-40A7-A6ED-D84939882374}.Debug|x86.Build.0 = Debug|Any CPU
		{744C6023-0CC7-40A7-A6ED-D84939882374}.Release|Any CPU.ActiveCfg = Release|Any CPU
		{744C6023-0CC7-40A7-A6ED-D84939882374}.Release|Any CPU.Build.0 = Release|Any CPU
		{744C6023-0CC7-40A7-A6ED-D84939882374}.Release|x64.ActiveCfg = Release|Any CPU
		{744C6023-0CC7-40A7-A6ED-D84939882374}.Release|x64.Build.0 = Release|Any CPU
		{744C6023-0CC7-40A7-A6ED-D84939882374}.Release|x86.ActiveCfg = Release|Any CPU
		{744C6023-0CC7-40A7-A6ED-D84939882374}.Release|x86.Build.0 = Release|Any CPU
		{A7DD5D74-0BB9-438C-8932-2E965AA5EDB5}.Debug|Any CPU.ActiveCfg = Debug|Any CPU
		{A7DD5D74-0BB9-438C-8932-2E965AA5EDB5}.Debug|Any CPU.Build.0 = Debug|Any CPU
		{A7DD5D74-0BB9-438C-8932-2E965AA5EDB5}.Debug|x64.ActiveCfg = Debug|Any CPU
		{A7DD5D74-0BB9-438C-8932-2E965AA5EDB5}.Debug|x64.Build.0 = Debug|Any CPU
		{A7DD5D74-0BB9-438C-8932-2E965AA5EDB5}.Debug|x86.ActiveCfg = Debug|Any CPU
		{A7DD5D74-0BB9-438C-8932-2E965AA5EDB5}.Debug|x86.Build.0 = Debug|Any CPU
		{A7DD5D74-0BB9-438C-8932-2E965AA5EDB5}.Release|Any CPU.ActiveCfg = Release|Any CPU
		{A7DD5D74-0BB9-438C-8932-2E965AA5EDB5}.Release|Any CPU.Build.0 = Release|Any CPU
		{A7DD5D74-0BB9-438C-8932-2E965AA5EDB5}.Release|x64.ActiveCfg = Release|Any CPU
		{A7DD5D74-0BB9-438C-8932-2E965AA5EDB5}.Release|x64.Build.0 = Release|Any CPU
		{A7DD5D74-0BB9-438C-8932-2E965AA5EDB5}.Release|x86.ActiveCfg = Release|Any CPU
		{A7DD5D74-0BB9-438C-8932-2E965AA5EDB5}.Release|x86.Build.0 = Release|Any CPU
	EndGlobalSection
	GlobalSection(SolutionProperties) = preSolution
		HideSolutionNode = FALSE
	EndGlobalSection
	GlobalSection(NestedProjects) = preSolution
		{82ADA168-4B02-4D65-96AF-D6C91A8F115B} = {827E0CD3-B72D-47B6-A68D-7590B98EB39B}
		{600821AB-FED9-480D-A024-D9CBECA2E59B} = {827E0CD3-B72D-47B6-A68D-7590B98EB39B}
		{AE649BBA-1B75-4270-ABA1-51F45F5CDBE7} = {827E0CD3-B72D-47B6-A68D-7590B98EB39B}
		{31F395A1-8497-4943-AAEF-6B33C4BF562F} = {827E0CD3-B72D-47B6-A68D-7590B98EB39B}
		{7B65010B-1145-43B9-8271-262E2A757BEF} = {0AB3BF05-4346-4AA6-1389-037BE0695223}
		{744C6023-0CC7-40A7-A6ED-D84939882374} = {827E0CD3-B72D-47B6-A68D-7590B98EB39B}
		{A7DD5D74-0BB9-438C-8932-2E965AA5EDB5} = {827E0CD3-B72D-47B6-A68D-7590B98EB39B}
	EndGlobalSection
EndGlobal
